<Solution>
  <Project Path="Assembly-CSharp.csproj" />
  <Project Path="Bezi.Editor.csproj" />
<<<<<<< Updated upstream
  <Project Path="Assembly-CSharp-Editor.csproj" />
=======
  <Project Path="Unity.InputSystem.DocCodeSamples.csproj" />
  <Project Path="Unity.VisualScripting.DocCodeExamples.csproj" />
  <Project Path="Unity.PlasticSCM.Editor.Entities.csproj" />
  <Project Path="Unity.Toolchain.Linux-x86_64-Linux.csproj" />
  <Project Path="Unity.Collections.Editor.csproj" />
  <Project Path="Unity.Sysroot.Linux_x86_64.csproj" />
>>>>>>> Stashed changes
</Solution>
